
Microsoft Visual Studio Solution File, Format Version 12.00
Project("{FAE04EC0-301F-11D3-BF4B-00C04F79EFBC}") = "SchedulePlanner", "SchedulePlanner.csproj", "{34B64D8B-EA85-4EDA-84EB-3F21492BFD9F}"
EndProject
Project("{FAE04EC0-301F-11D3-BF4B-00C04F79EFBC}") = "SchedulePlanner.Tests", "..\SchedulePlanner.Tests\SchedulePlanner.Tests.csproj", "{E1AA53D4-14EB-48A6-93C2-D12A9400B2A0}"
EndProject
Global
	GlobalSection(SolutionConfigurationPlatforms) = preSolution
		Debug|Any CPU = Debug|Any CPU
		Release|Any CPU = Release|Any CPU
	EndGlobalSection
	GlobalSection(ProjectConfigurationPlatforms) = postSolution
		{34B64D8B-EA85-4EDA-84EB-3F21492BFD9F}.Debug|Any CPU.ActiveCfg = Debug|Any CPU
		{34B64D8B-EA85-4EDA-84EB-3F21492BFD9F}.Debug|Any CPU.Build.0 = Debug|Any CPU
		{34B64D8B-EA85-4EDA-84EB-3F21492BFD9F}.Release|Any CPU.ActiveCfg = Release|Any CPU
		{34B64D8B-EA85-4EDA-84EB-3F21492BFD9F}.Release|Any CPU.Build.0 = Release|Any CPU
		{E1AA53D4-14EB-48A6-93C2-D12A9400B2A0}.Debug|Any CPU.ActiveCfg = Debug|Any CPU
		{E1AA53D4-14EB-48A6-93C2-D12A9400B2A0}.Debug|Any CPU.Build.0 = Debug|Any CPU
		{E1AA53D4-14EB-48A6-93C2-D12A9400B2A0}.Release|Any CPU.ActiveCfg = Release|Any CPU
		{E1AA53D4-14EB-48A6-93C2-D12A9400B2A0}.Release|Any CPU.Build.0 = Release|Any CPU
	EndGlobalSection
EndGlobal
